
Microsoft Visual Studio Solution File, Format Version 12.00
# Visual Studio Version 17
VisualStudioVersion = 17.0.31903.59
MinimumVisualStudioVersion = 10.0.40219.1
Project("{FAE04EC0-301F-11D3-BF4B-00C04F79EFBC}") = "MobileChargingStation.ConsoleApp", "MobileChargingStation.ConsoleApp\MobileChargingStation.ConsoleApp.csproj", "{BA84EAA0-33E9-4BF5-B341-F52185CA26F1}"
EndProject
Project("{FAE04EC0-301F-11D3-BF4B-00C04F79EFBC}") = "MobileChargingStation.Lib", "MobileChargingStation.Lib\MobileChargingStation.Lib.csproj", "{8D4CDD60-DF4D-4B1A-9CA4-964FE5187278}"
EndProject
Project("{FAE04EC0-301F-11D3-BF4B-00C04F79EFBC}") = "MobileChargingStation.Lib.Tests", "MobileChargingStation.Lib.Test\MobileChargingStation.Lib.Tests.csproj", "{5BB7B071-6F76-45B9-B00B-01E24B808024}"
EndProject
Global
	GlobalSection(SolutionConfigurationPlatforms) = preSolution
		Debug|Any CPU = Debug|Any CPU
		Release|Any CPU = Release|Any CPU
	EndGlobalSection
	GlobalSection(SolutionProperties) = preSolution
		HideSolutionNode = FALSE
	EndGlobalSection
	GlobalSection(ProjectConfigurationPlatforms) = postSolution
		{BA84EAA0-33E9-4BF5-B341-F52185CA26F1}.Debug|Any CPU.ActiveCfg = Debug|Any CPU
		{BA84EAA0-33E9-4BF5-B341-F52185CA26F1}.Debug|Any CPU.Build.0 = Debug|Any CPU
		{BA84EAA0-33E9-4BF5-B341-F52185CA26F1}.Release|Any CPU.ActiveCfg = Release|Any CPU
		{BA84EAA0-33E9-4BF5-B341-F52185CA26F1}.Release|Any CPU.Build.0 = Release|Any CPU
		{8D4CDD60-DF4D-4B1A-9CA4-964FE5187278}.Debug|Any CPU.ActiveCfg = Debug|Any CPU
		{8D4CDD60-DF4D-4B1A-9CA4-964FE5187278}.Debug|Any CPU.Build.0 = Debug|Any CPU
		{8D4CDD60-DF4D-4B1A-9CA4-964FE5187278}.Release|Any CPU.ActiveCfg = Release|Any CPU
		{8D4CDD60-DF4D-4B1A-9CA4-964FE5187278}.Release|Any CPU.Build.0 = Release|Any CPU
		{5BB7B071-6F76-45B9-B00B-01E24B808024}.Debug|Any CPU.ActiveCfg = Debug|Any CPU
		{5BB7B071-6F76-45B9-B00B-01E24B808024}.Debug|Any CPU.Build.0 = Debug|Any CPU
		{5BB7B071-6F76-45B9-B00B-01E24B808024}.Release|Any CPU.ActiveCfg = Release|Any CPU
		{5BB7B071-6F76-45B9-B00B-01E24B808024}.Release|Any CPU.Build.0 = Release|Any CPU
	EndGlobalSection
EndGlobal
